
Microsoft Visual Studio Solution File, Format Version 12.00
# Visual Studio Version 17
VisualStudioVersion = 17.3.32901.215
MinimumVisualStudioVersion = 10.0.40219.1
Project("{FAE04EC0-301F-11D3-BF4B-00C04F79EFBC}") = "for döngüsü 5_1681", "for döngüsü 5_1681\for döngüsü 5_1681.csproj", "{5E1DCF3A-F5F2-4F99-B53A-52C651EEFF87}"
EndProject
Global
	GlobalSection(SolutionConfigurationPlatforms) = preSolution
		Debug|Any CPU = Debug|Any CPU
		Release|Any CPU = Release|Any CPU
	EndGlobalSection
	GlobalSection(ProjectConfigurationPlatforms) = postSolution
		{5E1DCF3A-F5F2-4F99-B53A-52C651EEFF87}.Debug|Any CPU.ActiveCfg = Debug|Any CPU
		{5E1DCF3A-F5F2-4F99-B53A-52C651EEFF87}.Debug|Any CPU.Build.0 = Debug|Any CPU
		{5E1DCF3A-F5F2-4F99-B53A-52C651EEFF87}.Release|Any CPU.ActiveCfg = Release|Any CPU
		{5E1DCF3A-F5F2-4F99-B53A-52C651EEFF87}.Release|Any CPU.Build.0 = Release|Any CPU
	EndGlobalSection
	GlobalSection(SolutionProperties) = preSolution
		HideSolutionNode = FALSE
	EndGlobalSection
	GlobalSection(ExtensibilityGlobals) = postSolution
		SolutionGuid = {B7C72ADB-E46E-4640-BE50-BD5487A4474B}
	EndGlobalSection
EndGlobal
